PODS:
  - AWSCore (2.8.4)
  - AWSSNS (2.8.4):
    - AWSCore (= 2.8.4)
  - boost-for-react-native (1.63.0)
  - Charts (3.0.5):
    - Charts/Core (= 3.0.5)
  - Charts/Core (3.0.5)
  - CRToast (0.0.9)
  - DoubleConversion (1.1.5)
  - Folly (2016.10.31.00):
    - boost-for-react-native
    - DoubleConversion
    - glog
  - glog (0.3.4)
  - KKDomain (0.0.1)
  - React (0.56.1):
    - React/Core (= 0.56.1)
  - react-native-webrtc (1.58.3):
    - React
  - React/Core (0.56.1):
    - yoga (= 0.56.1.React)
  - React/CxxBridge (0.56.1):
    - Folly (= 2016.10.31.00)
    - React/Core
    - React/cxxreact
  - React/cxxreact (0.56.1):
    - boost-for-react-native (= 1.63.0)
    - Folly (= 2016.10.31.00)
    - React/jschelpers
    - React/jsinspector
  - React/DevSupport (0.56.1):
    - React/Core
    - React/RCTWebSocket
  - React/fishhook (0.56.1)
  - React/jschelpers (0.56.1):
    - Folly (= 2016.10.31.00)
    - React/PrivateDatabase
  - React/jsinspector (0.56.1)
  - React/PrivateDatabase (0.56.1)
  - React/RCTAnimation (0.56.1):
    - React/Core
  - React/RCTBlob (0.56.1):
    - React/Core
  - React/RCTImage (0.56.1):
    - React/Core
    - React/RCTNetwork
  - React/RCTNetwork (0.56.1):
    - React/Core
  - React/RCTText (0.56.1):
    - React/Core
  - React/RCTWebSocket (0.56.1):
    - React/Core
    - React/fishhook
    - React/RCTBlob
  - Realm (3.7.6):
    - Realm/Headers (= 3.7.6)
  - Realm/Headers (3.7.6)
  - RealmSwift (3.7.6):
    - Realm (= 3.7.6)
  - RNDeviceInfo (0.9.3):
    - React
  - RNFS (2.8.1):
    - React
  - RNSqlite2 (1.0.0):
    - React
  - RNUserAgent (1.0.3):
    - React
  - RNViewShot (2.2.0):
    - React
  - RxAtomic (4.4.0)
  - RxSwift (4.4.0):
    - RxAtomic (~> 4.4)
  - SVProgressHUD (2.2.5)
  - yoga (0.56.1.React)

DEPENDENCIES:
  - AWSCore (~> 2.6)
  - AWSSNS (~> 2.6)
  - Charts (~> 3.0.1)
  - CRToast
  - Folly (from `./node_modules/react-native/third-party-podspecs/Folly.podspec`)
  - KKDomain (from `https://github.com/kejinlu/KKDomain.git`)
  - react-native-webrtc (from `./node_modules/react-native-webrtc`)
  - React/Core (from `./node_modules/react-native`)
  - React/CxxBridge (from `./node_modules/react-native`)
  - React/DevSupport (from `./node_modules/react-native`)
  - React/RCTAnimation (from `./node_modules/react-native`)
  - React/RCTImage (from `./node_modules/react-native`)
  - React/RCTNetwork (from `./node_modules/react-native`)
  - React/RCTText (from `./node_modules/react-native`)
  - React/RCTWebSocket (from `./node_modules/react-native`)
  - RealmSwift (~> 3.7.0)
  - RNDeviceInfo (from `./node_modules/react-native-device-info`)
  - RNFS (from `./node_modules/react-native-fs`)
  - RNSqlite2 (from `./node_modules/react-native-sqlite-2/ios/`)
  - RNUserAgent (from `./node_modules/react-native-user-agent/ios/`)
  - RNViewShot (from `./node_modules/react-native-view-shot/`)
  - RxSwift (~> 4.0)
  - SVProgressHUD
  - yoga (from `./node_modules/react-native/ReactCommon/yoga`)

SPEC REPOS:
  https://github.com/cocoapods/specs.git:
    - AWSCore
    - AWSSNS
    - boost-for-react-native
    - Charts
    - CRToast
    - DoubleConversion
    - glog
    - Realm
    - RealmSwift
    - RxAtomic
    - RxSwift
    - SVProgressHUD

EXTERNAL SOURCES:
  Folly:
    :podspec: "./node_modules/react-native/third-party-podspecs/Folly.podspec"
  KKDomain:
    :git: https://github.com/kejinlu/KKDomain.git
  React:
    :path: "./node_modules/react-native"
  react-native-webrtc:
    :path: "./node_modules/react-native-webrtc"
  RNDeviceInfo:
    :path: "./node_modules/react-native-device-info"
  RNFS:
    :path: "./node_modules/react-native-fs"
  RNSqlite2:
    :path: "./node_modules/react-native-sqlite-2/ios/"
  RNUserAgent:
    :path: "./node_modules/react-native-user-agent/ios/"
  RNViewShot:
    :path: "./node_modules/react-native-view-shot/"
  yoga:
    :path: "./node_modules/react-native/ReactCommon/yoga"

CHECKOUT OPTIONS:
  KKDomain:
    :commit: b0223283021682a18a44a6c9e628e2b9aebc31bd
    :git: https://github.com/kejinlu/KKDomain.git

SPEC CHECKSUMS:
  AWSCore: 734b0d67c2c77f6edae9e5520431a37310ea4193
  AWSSNS: 42b39d6628bfb40bf5f9e3c6e4738ce68a323235
  boost-for-react-native: 39c7adb57c4e60d6c5479dd8623128eb5b3f0f2c
  Charts: 45cdc985b764c838b35ee47eb1365d15735f6d1a
  CRToast: 5a78c22b921c5ed3487488af605bc403a9c92fed
  DoubleConversion: e22e0762848812a87afd67ffda3998d9ef29170c
  Folly: c89ac2d5c6ab169cd7397ef27485c44f35f742c7
  glog: 1de0bb937dccdc981596d3b5825ebfb765017ded
  KKDomain: 6883615bda1dfc6a6257f399ee85a02618837757
  React: 1fe0eb13d90b625d94c3b117c274dcfd2e760e11
  react-native-webrtc: 31b6d3f1e3e2ce373aa43fd682b04367250f807d
  Realm: 9eaecad54712d6246d08ba34c10f354e4715d7d3
  RealmSwift: 1fe08b4ebaeeaacf17f9ba0343f7b25c9fc31fa6
  RNDeviceInfo: b375b3374cda3203d6d48cea8c07e46ba1169e26
  RNFS: fefeffc4f25a76144c1b53dc0a3258cf64c99962
  RNSqlite2: a9a2670679d6adcbcc7ea05698113803c2e62c33
  RNUserAgent: bb2dfbd3428cdcbc83ec1a335d3026a8cbb02204
  RNViewShot: fdf9a64f0621ebc4e7c3392a10d2ffb70a7faee4
  RxAtomic: eacf60db868c96bfd63320e28619fe29c179656f
  RxSwift: 5976ecd04fc2fefd648827c23de5e11157faa973
  SVProgressHUD: 1428aafac632c1f86f62aa4243ec12008d7a51d6
  yoga: b1ce48b6cf950b98deae82838f5173ea7cf89e85

PODFILE CHECKSUM: d8c070c513a718357839f467c5e0e58b548990da

COCOAPODS: 1.5.3
